
Microsoft Visual Studio Solution File, Format Version 12.00
# Visual Studio Version 16
VisualStudioVersion = 16.0.29503.13
MinimumVisualStudioVersion = 10.0.40219.1
Project("{9A19103F-16F7-4668-BE54-9A1E7A4F7556}") = "Application", "Application\Application.csproj", "{ED866B40-38DD-4E62-B5CE-0B01DD85D45C}"
EndProject
Global
	GlobalSection(SolutionConfigurationPlatforms) = preSolution
		Debug|Any CPU = Debug|Any CPU
		Release|Any CPU = Release|Any CPU
	EndGlobalSection
	GlobalSection(ProjectConfigurationPlatforms) = postSolution
		{ED866B40-38DD-4E62-B5CE-0B01DD85D45C}.Debug|Any CPU.ActiveCfg = Debug|Any CPU
		{ED866B40-38DD-4E62-B5CE-0B01DD85D45C}.Debug|Any CPU.Build.0 = Debug|Any CPU
		{ED866B40-38DD-4E62-B5CE-0B01DD85D45C}.Release|Any CPU.ActiveCfg = Release|Any CPU
		{ED866B40-38DD-4E62-B5CE-0B01DD85D45C}.Release|Any CPU.Build.0 = Release|Any CPU
	EndGlobalSection
	GlobalSection(SolutionProperties) = preSolution
		HideSolutionNode = FALSE
	EndGlobalSection
	GlobalSection(ExtensibilityGlobals) = postSolution
		SolutionGuid = {03AE3C14-85C1-4B7A-97B6-B9DF3BE6DA85}
	EndGlobalSection
EndGlobal
